
Microsoft Visual Studio Solution File, Format Version 12.00
# Visual Studio Version 17
VisualStudioVersion = 17.0.31919.166
MinimumVisualStudioVersion = 10.0.40219.1
Project("{9A19103F-16F7-4668-BE54-9A1E7A4F7556}") = "P1CoffeeShopApp", "P1CoffeeShopApp\P1CoffeeShopApp.csproj", "{04B8C10D-6F17-4125-B3EE-304D13CEA012}"
EndProject
Project("{9A19103F-16F7-4668-BE54-9A1E7A4F7556}") = "P1CoffeeShopApp.DataInfrastructure", "P1CoffeeShopApp.DataInfrastructure\P1CoffeeShopApp.DataInfrastructure.csproj", "{25C9C374-E04D-488E-8C67-74D0AFCDBCB1}"
EndProject
Project("{9A19103F-16F7-4668-BE54-9A1E7A4F7556}") = "P1CoffeeShopAppTests", "P1CoffeeShopAppTests\P1CoffeeShopAppTests.csproj", "{2B017BA5-7136-4C27-8A3D-4C02CB0218F2}"
EndProject
Project("{9A19103F-16F7-4668-BE54-9A1E7A4F7556}") = "P1CoffeeShopApp.Logic", "P1CoffeeShopApp.Logic\P1CoffeeShopApp.Logic.csproj", "{C17FE0CE-5BAC-44DE-8E1E-7ECA764D26FE}"
EndProject
Project("{FAE04EC0-301F-11D3-BF4B-00C04F79EFBC}") = "P1CoffeeShopAppAPI", "P1CoffeeShopAppAPI\P1CoffeeShopAppAPI.csproj", "{95E77B2C-B99C-4B07-A228-3C2AAE9A6C88}"
EndProject
Global
	GlobalSection(SolutionConfigurationPlatforms) = preSolution
		Debug|Any CPU = Debug|Any CPU
		Release|Any CPU = Release|Any CPU
	EndGlobalSection
	GlobalSection(ProjectConfigurationPlatforms) = postSolution
		{04B8C10D-6F17-4125-B3EE-304D13CEA012}.Debug|Any CPU.ActiveCfg = Debug|Any CPU
		{04B8C10D-6F17-4125-B3EE-304D13CEA012}.Debug|Any CPU.Build.0 = Debug|Any CPU
		{04B8C10D-6F17-4125-B3EE-304D13CEA012}.Release|Any CPU.ActiveCfg = Release|Any CPU
		{04B8C10D-6F17-4125-B3EE-304D13CEA012}.Release|Any CPU.Build.0 = Release|Any CPU
		{25C9C374-E04D-488E-8C67-74D0AFCDBCB1}.Debug|Any CPU.ActiveCfg = Debug|Any CPU
		{25C9C374-E04D-488E-8C67-74D0AFCDBCB1}.Debug|Any CPU.Build.0 = Debug|Any CPU
		{25C9C374-E04D-488E-8C67-74D0AFCDBCB1}.Release|Any CPU.ActiveCfg = Release|Any CPU
		{25C9C374-E04D-488E-8C67-74D0AFCDBCB1}.Release|Any CPU.Build.0 = Release|Any CPU
		{2B017BA5-7136-4C27-8A3D-4C02CB0218F2}.Debug|Any CPU.ActiveCfg = Debug|Any CPU
		{2B017BA5-7136-4C27-8A3D-4C02CB0218F2}.Debug|Any CPU.Build.0 = Debug|Any CPU
		{2B017BA5-7136-4C27-8A3D-4C02CB0218F2}.Release|Any CPU.ActiveCfg = Release|Any CPU
		{2B017BA5-7136-4C27-8A3D-4C02CB0218F2}.Release|Any CPU.Build.0 = Release|Any CPU
		{C17FE0CE-5BAC-44DE-8E1E-7ECA764D26FE}.Debug|Any CPU.ActiveCfg = Debug|Any CPU
		{C17FE0CE-5BAC-44DE-8E1E-7ECA764D26FE}.Debug|Any CPU.Build.0 = Debug|Any CPU
		{C17FE0CE-5BAC-44DE-8E1E-7ECA764D26FE}.Release|Any CPU.ActiveCfg = Release|Any CPU
		{C17FE0CE-5BAC-44DE-8E1E-7ECA764D26FE}.Release|Any CPU.Build.0 = Release|Any CPU
		{95E77B2C-B99C-4B07-A228-3C2AAE9A6C88}.Debug|Any CPU.ActiveCfg = Debug|Any CPU
		{95E77B2C-B99C-4B07-A228-3C2AAE9A6C88}.Debug|Any CPU.Build.0 = Debug|Any CPU
		{95E77B2C-B99C-4B07-A228-3C2AAE9A6C88}.Release|Any CPU.ActiveCfg = Release|Any CPU
		{95E77B2C-B99C-4B07-A228-3C2AAE9A6C88}.Release|Any CPU.Build.0 = Release|Any CPU
	EndGlobalSection
	GlobalSection(SolutionProperties) = preSolution
		HideSolutionNode = FALSE
	EndGlobalSection
	GlobalSection(ExtensibilityGlobals) = postSolution
		SolutionGuid = {1E724E76-98E0-4E6A-84B6-FB436A5515B3}
	EndGlobalSection
EndGlobal
